<?xml version="1.0" encoding="utf-8"?>
<Project ToolsVersion="4.0" xmlns="http://schemas.microsoft.com/developer/msbuild/2003">
  <ItemGroup>
    <Filter Include="Source Files">
      <UniqueIdentifier>{4FC737F1-C7A5-4376-A066-2A32D752A2FF}</UniqueIdentifier>
      <Extensions>cpp;c;cc;cxx;c++;cppm;ixx;def;odl;idl;hpj;bat;asm;asmx</Extensions>
    </Filter>
    <Filter Include="Header Files">
      <UniqueIdentifier>{93995380-89BD-4b04-88EB-625FBE52EBFB}</UniqueIdentifier>
      <Extensions>h;hh;hpp;hxx;h++;hm;inl;inc;ipp;xsd</Extensions>
    </Filter>
    <Filter Include="Resource Files">
      <UniqueIdentifier>{67DA6AB6-F800-4c08-8B7A-83BB121AAD01}</UniqueIdentifier>
      <Extensions>rc;ico;cur;bmp;dlg;rc2;rct;bin;rgs;gif;jpg;jpeg;jpe;resx;tiff;tif;png;wav;mfcribbon-ms</Extensions>
    </Filter>
  </ItemGroup>
  <ItemGroup>
    <ClInclude Include="Model\artOrtopedia.h">
      <Filter>Header Files</Filter>
    </ClInclude>
    <ClInclude Include="Model\artPerfumeria.h">
      <Filter>Header Files</Filter>
    </ClInclude>
    <ClInclude Include="Model\ASIST_AUTOM.h">
      <Filter>Header Files</Filter>
    </ClInclude>
    <ClInclude Include="Model\CLIENTE.h">
      <Filter>Header Files</Filter>
    </ClInclude>
    <ClInclude Include="Model\eCajero.h">
      <Filter>Header Files</Filter>
    </ClInclude>
    <ClInclude Include="Model\eFarmaceutico.h">
      <Filter>Header Files</Filter>
    </ClInclude>
    <ClInclude Include="Model\eLimpieza.h">
      <Filter>Header Files</Filter>
    </ClInclude>
    <ClInclude Include="Model\eMostrador.h">
      <Filter>Header Files</Filter>
    </ClInclude>
    <ClInclude Include="Model\EMPLEADO.h">
      <Filter>Header Files</Filter>
    </ClInclude>
    <ClInclude Include="Model\eOrtopedia.h">
      <Filter>Header Files</Filter>
    </ClInclude>
    <ClInclude Include="Model\ePerfumeria.h">
      <Filter>Header Files</Filter>
    </ClInclude>
    <ClInclude Include="Model\FARMACIA.h">
      <Filter>Header Files</Filter>
    </ClInclude>
    <ClInclude Include="Model\golosinas.h">
      <Filter>Header Files</Filter>
    </ClInclude>
    <ClInclude Include="Model\metodoPago.h">
      <Filter>Header Files</Filter>
    </ClInclude>
    <ClInclude Include="Model\necesidadCliente.h">
      <Filter>Header Files</Filter>
    </ClInclude>
    <ClInclude Include="Model\PERSONA.h">
      <Filter>Header Files</Filter>
    </ClInclude>
    <ClInclude Include="Model\pGolosinas.h">
      <Filter>Header Files</Filter>
    </ClInclude>
    <ClInclude Include="Model\pMedicamentos.h">
      <Filter>Header Files</Filter>
    </ClInclude>
    <ClInclude Include="Model\pOrtopedia.h">
      <Filter>Header Files</Filter>
    </ClInclude>
    <ClInclude Include="Model\pPerfumeria.h">
      <Filter>Header Files</Filter>
    </ClInclude>
    <ClInclude Include="Model\PRODUCTO.h">
      <Filter>Header Files</Filter>
    </ClInclude>
    <ClInclude Include="Model\RECETA.h">
      <Filter>Header Files</Filter>
    </ClInclude>
    <ClInclude Include="Model\tipoEmpleado.h">
      <Filter>Header Files</Filter>
    </ClInclude>
  </ItemGroup>
  <ItemGroup>
    <ClCompile Include="Model\ASIST_AUTOM.cpp">
      <Filter>Source Files</Filter>
    </ClCompile>
    <ClCompile Include="Model\CLIENTE.cpp">
      <Filter>Source Files</Filter>
    </ClCompile>
    <ClCompile Include="Model\eCajero.cpp">
      <Filter>Source Files</Filter>
    </ClCompile>
    <ClCompile Include="Model\eFarmaceutico.cpp">
      <Filter>Source Files</Filter>
    </ClCompile>
    <ClCompile Include="Model\eLimpieza.cpp">
      <Filter>Source Files</Filter>
    </ClCompile>
    <ClCompile Include="Model\eMostrador.cpp">
      <Filter>Source Files</Filter>
    </ClCompile>
    <ClCompile Include="Model\EMPLEADO.cpp">
      <Filter>Source Files</Filter>
    </ClCompile>
    <ClCompile Include="Model\eOrtopedia.cpp">
      <Filter>Source Files</Filter>
    </ClCompile>
    <ClCompile Include="Model\ePerfumeria.cpp">
      <Filter>Source Files</Filter>
    </ClCompile>
    <ClCompile Include="Model\FARMACIA.cpp">
      <Filter>Source Files</Filter>
    </ClCompile>
    <ClCompile Include="Model\PERSONA.cpp">
      <Filter>Source Files</Filter>
    </ClCompile>
    <ClCompile Include="Model\pGolosinas.cpp">
      <Filter>Source Files</Filter>
    </ClCompile>
    <ClCompile Include="Model\pMedicamentos.cpp">
      <Filter>Source Files</Filter>
    </ClCompile>
    <ClCompile Include="Model\pOrtopedia.cpp">
      <Filter>Source Files</Filter>
    </ClCompile>
    <ClCompile Include="Model\pPerfumeria.cpp">
      <Filter>Source Files</Filter>
    </ClCompile>
    <ClCompile Include="Model\PRODUCTO.cpp">
      <Filter>Source Files</Filter>
    </ClCompile>
    <ClCompile Include="Model\RECETA.cpp">
      <Filter>Source Files</Filter>
    </ClCompile>
  </ItemGroup>
</Project>